
Microsoft Visual Studio Solution File, Format Version 12.00
# Visual Studio Version 16
VisualStudioVersion = 16.0.31025.218
MinimumVisualStudioVersion = 10.0.40219.1
Project("{FAE04EC0-301F-11D3-BF4B-00C04F79EFBC}") = "DockerTest", "DockerTest\DockerTest.csproj", "{4E1721E9-C1FC-445F-B43B-E6A77E49E83E}"
EndProject
Global
	GlobalSection(SolutionConfigurationPlatforms) = preSolution
		Debug|Any CPU = Debug|Any CPU
		Release|Any CPU = Release|Any CPU
	EndGlobalSection
	GlobalSection(ProjectConfigurationPlatforms) = postSolution
		{4E1721E9-C1FC-445F-B43B-E6A77E49E83E}.Debug|Any CPU.ActiveCfg = Debug|Any CPU
		{4E1721E9-C1FC-445F-B43B-E6A77E49E83E}.Debug|Any CPU.Build.0 = Debug|Any CPU
		{4E1721E9-C1FC-445F-B43B-E6A77E49E83E}.Release|Any CPU.ActiveCfg = Release|Any CPU
		{4E1721E9-C1FC-445F-B43B-E6A77E49E83E}.Release|Any CPU.Build.0 = Release|Any CPU
	EndGlobalSection
	GlobalSection(SolutionProperties) = preSolution
		HideSolutionNode = FALSE
	EndGlobalSection
	GlobalSection(ExtensibilityGlobals) = postSolution
		SolutionGuid = {3F2B69B1-C87B-4947-8423-A83ED5E31755}
	EndGlobalSection
EndGlobal
